// !$*UTF8*$!
{
	archiveVersion = 1;
	classes = {
	};
	objectVersion = 56;
	objects = {

/* Begin PBXBuildFile section */
		000000000000000000000030 /* PriceTrackerApp.swift in Sources */ = {isa = PBXBuildFile; fileRef = 000000000000000000000020 /* PriceTrackerApp.swift */; };
		000000000000000000000031 /* ContentView.swift in Sources */ = {isa = PBXBuildFile; fileRef = 000000000000000000000021 /* ContentView.swift */; };
		000000000000000000000032 /* FeedView.swift in Sources */ = {isa = PBXBuildFile; fileRef = 000000000000000000000022 /* FeedView.swift */; };
		000000000000000000000033 /* DetailView.swift in Sources */ = {isa = PBXBuildFile; fileRef = 000000000000000000000023 /* DetailView.swift */; };
		000000000000000000000034 /* PriceTrackerStore.swift in Sources */ = {isa = PBXBuildFile; fileRef = 000000000000000000000024 /* PriceTrackerStore.swift */; };
		000000000000000000000035 /* FeedViewModel.swift in Sources */ = {isa = PBXBuildFile; fileRef = 000000000000000000000025 /* FeedViewModel.swift */; };
		000000000000000000000036 /* DetailViewModel.swift in Sources */ = {isa = PBXBuildFile; fileRef = 000000000000000000000026 /* DetailViewModel.swift */; };
		000000000000000000000037 /* WebSocketManager.swift in Sources */ = {isa = PBXBuildFile; fileRef = 000000000000000000000027 /* WebSocketManager.swift */; };
		000000000000000000000038 /* ConnectionState.swift in Sources */ = {isa = PBXBuildFile; fileRef = 000000000000000000000028 /* ConnectionState.swift */; };
		000000000000000000000039 /* StockSymbol.swift in Sources */ = {isa = PBXBuildFile; fileRef = 000000000000000000000029 /* StockSymbol.swift */; };
		00000000000000000000003A /* PriceUpdate.swift in Sources */ = {isa = PBXBuildFile; fileRef = 00000000000000000000002A /* PriceUpdate.swift */; };
		00000000000000000000003B /* Assets.xcassets in Resources */ = {isa = PBXBuildFile; fileRef = 000000000000000000000008 /* Assets.xcassets */; };
		00000000000000000000003C /* Preview Assets.xcassets in Resources */ = {isa = PBXBuildFile; fileRef = 00000000000000000000000A /* Preview Assets.xcassets */; };
		00000000000000000000003D /* Logger.swift in Sources */ = {isa = PBXBuildFile; fileRef = 00000000000000000000002B /* Logger.swift */; };
		00000000000000000000003E /* WebSocketManaging.swift in Sources */ = {isa = PBXBuildFile; fileRef = 00000000000000000000002D /* WebSocketManaging.swift */; };
		00000000000000000000003F /* Constants.swift in Sources */ = {isa = PBXBuildFile; fileRef = 00000000000000000000002E /* Constants.swift */; };
		000000000000000000000040 /* PriceFlash+Color.swift in Sources */ = {isa = PBXBuildFile; fileRef = 00000000000000000000002F /* PriceFlash+Color.swift */; };
		00000000000000000000004A /* PriceTrackerStoreTests.swift in Sources */ = {isa = PBXBuildFile; fileRef = 000000000000000000000049 /* PriceTrackerStoreTests.swift */; };
		000000000000000000000055 /* MockWebSocketManager.swift in Sources */ = {isa = PBXBuildFile; fileRef = 000000000000000000000054 /* MockWebSocketManager.swift */; };
		000000000000000000000056 /* AppStateTests.swift in Sources */ = {isa = PBXBuildFile; fileRef = 000000000000000000000057 /* AppStateTests.swift */; };
		000000000000000000000058 /* FeedViewModelTests.swift in Sources */ = {isa = PBXBuildFile; fileRef = 000000000000000000000059 /* FeedViewModelTests.swift */; };
		00000000000000000000005A /* DetailViewModelTests.swift in Sources */ = {isa = PBXBuildFile; fileRef = 00000000000000000000005B /* DetailViewModelTests.swift */; };
		6C3B44CB2EE501F5001094FC /* ComponentSnapshotTests.swift in Sources */ = {isa = PBXBuildFile; fileRef = 6C3B44772EE5014E001094FC /* ComponentSnapshotTests.swift */; };
		6C3B44CC2EE501FF001094FC /* DetailViewSnapshotTests.swift in Sources */ = {isa = PBXBuildFile; fileRef = 6C3B44782EE5014E001094FC /* DetailViewSnapshotTests.swift */; };
		6C3B44CD2EE50209001094FC /* FeedViewSnapshotTests.swift in Sources */ = {isa = PBXBuildFile; fileRef = 6C3B44792EE5014E001094FC /* FeedViewSnapshotTests.swift */; };
		6C3B44CE2EE50213001094FC /* SnapshotTestHelpers.swift in Sources */ = {isa = PBXBuildFile; fileRef = 6C3B447A2EE5014E001094FC /* SnapshotTestHelpers.swift */; };
		6C3B44D32EE5041F001094FC /* SnapshotTesting in Frameworks */ = {isa = PBXBuildFile; productRef = 6C3B44D22EE5041F001094FC /* SnapshotTesting */; };
/* End PBXBuildFile section */

/* Begin PBXContainerItemProxy section */
		00000000000000000000004E /* PBXContainerItemProxy */ = {
			isa = PBXContainerItemProxy;
			containerPortal = 000000000000000000000001 /* Project object */;
			proxyType = 1;
			remoteGlobalIDString = 00000000000000000000000F;
			remoteInfo = PriceTracker;
		};
		6C3B44882EE5018B001094FC /* PBXContainerItemProxy */ = {
			isa = PBXContainerItemProxy;
			containerPortal = 000000000000000000000001 /* Project object */;
			proxyType = 1;
			remoteGlobalIDString = 00000000000000000000000F;
			remoteInfo = PriceTracker;
		};
/* End PBXContainerItemProxy section */

/* Begin PBXFileReference section */
		000000000000000000000008 /* Assets.xcassets */ = {isa = PBXFileReference; lastKnownFileType = folder.assetcatalog; path = Assets.xcassets; sourceTree = "<group>"; };
		00000000000000000000000A /* Preview Assets.xcassets */ = {isa = PBXFileReference; lastKnownFileType = folder.assetcatalog; path = "Preview Assets.xcassets"; sourceTree = "<group>"; };
		00000000000000000000000B /* Info.plist */ = {isa = PBXFileReference; lastKnownFileType = text.plist.xml; path = Info.plist; sourceTree = "<group>"; };
		000000000000000000000010 /* PriceTracker.app */ = {isa = PBXFileReference; explicitFileType = wrapper.application; includeInIndex = 0; path = PriceTracker.app; sourceTree = BUILT_PRODUCTS_DIR; };
		000000000000000000000020 /* PriceTrackerApp.swift */ = {isa = PBXFileReference; lastKnownFileType = sourcecode.swift; path = PriceTrackerApp.swift; sourceTree = "<group>"; };
		000000000000000000000021 /* ContentView.swift */ = {isa = PBXFileReference; lastKnownFileType = sourcecode.swift; path = ContentView.swift; sourceTree = "<group>"; };
		000000000000000000000022 /* FeedView.swift */ = {isa = PBXFileReference; lastKnownFileType = sourcecode.swift; path = FeedView.swift; sourceTree = "<group>"; };
		000000000000000000000023 /* DetailView.swift */ = {isa = PBXFileReference; lastKnownFileType = sourcecode.swift; path = DetailView.swift; sourceTree = "<group>"; };
		000000000000000000000024 /* PriceTrackerStore.swift */ = {isa = PBXFileReference; lastKnownFileType = sourcecode.swift; path = PriceTrackerStore.swift; sourceTree = "<group>"; };
		000000000000000000000025 /* FeedViewModel.swift */ = {isa = PBXFileReference; lastKnownFileType = sourcecode.swift; path = FeedViewModel.swift; sourceTree = "<group>"; };
		000000000000000000000026 /* DetailViewModel.swift */ = {isa = PBXFileReference; lastKnownFileType = sourcecode.swift; path = DetailViewModel.swift; sourceTree = "<group>"; };
		000000000000000000000027 /* WebSocketManager.swift */ = {isa = PBXFileReference; lastKnownFileType = sourcecode.swift; path = WebSocketManager.swift; sourceTree = "<group>"; };
		000000000000000000000028 /* ConnectionState.swift */ = {isa = PBXFileReference; lastKnownFileType = sourcecode.swift; path = ConnectionState.swift; sourceTree = "<group>"; };
		000000000000000000000029 /* StockSymbol.swift */ = {isa = PBXFileReference; lastKnownFileType = sourcecode.swift; path = StockSymbol.swift; sourceTree = "<group>"; };
		00000000000000000000002A /* PriceUpdate.swift */ = {isa = PBXFileReference; lastKnownFileType = sourcecode.swift; path = PriceUpdate.swift; sourceTree = "<group>"; };
		00000000000000000000002B /* Logger.swift */ = {isa = PBXFileReference; lastKnownFileType = sourcecode.swift; path = Logger.swift; sourceTree = "<group>"; };
		00000000000000000000002D /* WebSocketManaging.swift */ = {isa = PBXFileReference; lastKnownFileType = sourcecode.swift; path = WebSocketManaging.swift; sourceTree = "<group>"; };
		00000000000000000000002E /* Constants.swift */ = {isa = PBXFileReference; lastKnownFileType = sourcecode.swift; path = Constants.swift; sourceTree = "<group>"; };
		00000000000000000000002F /* PriceFlash+Color.swift */ = {isa = PBXFileReference; lastKnownFileType = sourcecode.swift; path = "PriceFlash+Color.swift"; sourceTree = "<group>"; };
		000000000000000000000049 /* PriceTrackerStoreTests.swift */ = {isa = PBXFileReference; lastKnownFileType = sourcecode.swift; path = PriceTrackerStoreTests.swift; sourceTree = "<group>"; };
		00000000000000000000004D /* PriceTrackerTests.xctest */ = {isa = PBXFileReference; explicitFileType = wrapper.cfbundle; includeInIndex = 0; path = PriceTrackerTests.xctest; sourceTree = BUILT_PRODUCTS_DIR; };
		000000000000000000000054 /* MockWebSocketManager.swift */ = {isa = PBXFileReference; lastKnownFileType = sourcecode.swift; path = MockWebSocketManager.swift; sourceTree = "<group>"; };
		000000000000000000000057 /* AppStateTests.swift */ = {isa = PBXFileReference; lastKnownFileType = sourcecode.swift; path = AppStateTests.swift; sourceTree = "<group>"; };
		000000000000000000000059 /* FeedViewModelTests.swift */ = {isa = PBXFileReference; lastKnownFileType = sourcecode.swift; path = FeedViewModelTests.swift; sourceTree = "<group>"; };
		00000000000000000000005B /* DetailViewModelTests.swift */ = {isa = PBXFileReference; lastKnownFileType = sourcecode.swift; path = DetailViewModelTests.swift; sourceTree = "<group>"; };
		6C3B445B2EE5014E001094FC /* controlButtonStart.1.png */ = {isa = PBXFileReference; lastKnownFileType = image.png; path = controlButtonStart.1.png; sourceTree = "<group>"; };
		6C3B445C2EE5014E001094FC /* controlButtonStop.1.png */ = {isa = PBXFileReference; lastKnownFileType = image.png; path = controlButtonStop.1.png; sourceTree = "<group>"; };
		6C3B445D2EE5014E001094FC /* feedRowDarkMode.1.png */ = {isa = PBXFileReference; lastKnownFileType = image.png; path = feedRowDarkMode.1.png; sourceTree = "<group>"; };
		6C3B445E2EE5014E001094FC /* feedRowFlashDown.1.png */ = {isa = PBXFileReference; lastKnownFileType = image.png; path = feedRowFlashDown.1.png; sourceTree = "<group>"; };
		6C3B445F2EE5014E001094FC /* feedRowFlashUp.1.png */ = {isa = PBXFileReference; lastKnownFileType = image.png; path = feedRowFlashUp.1.png; sourceTree = "<group>"; };
		6C3B44602EE5014E001094FC /* feedRowNegativeNoFlash.1.png */ = {isa = PBXFileReference; lastKnownFileType = image.png; path = feedRowNegativeNoFlash.1.png; sourceTree = "<group>"; };
		6C3B44612EE5014E001094FC /* feedRowPositiveNoFlash.1.png */ = {isa = PBXFileReference; lastKnownFileType = image.png; path = feedRowPositiveNoFlash.1.png; sourceTree = "<group>"; };
		6C3B44622EE5014E001094FC /* statusBarConnected.1.png */ = {isa = PBXFileReference; lastKnownFileType = image.png; path = statusBarConnected.1.png; sourceTree = "<group>"; };
		6C3B44632EE5014E001094FC /* statusBarConnecting.1.png */ = {isa = PBXFileReference; lastKnownFileType = image.png; path = statusBarConnecting.1.png; sourceTree = "<group>"; };
		6C3B44642EE5014E001094FC /* statusBarDisconnected.1.png */ = {isa = PBXFileReference; lastKnownFileType = image.png; path = statusBarDisconnected.1.png; sourceTree = "<group>"; };
		6C3B44652EE5014E001094FC /* statusBarReconnecting.1.png */ = {isa = PBXFileReference; lastKnownFileType = image.png; path = statusBarReconnecting.1.png; sourceTree = "<group>"; };
		6C3B44672EE5014E001094FC /* detailViewDarkMode.1.png */ = {isa = PBXFileReference; lastKnownFileType = image.png; path = detailViewDarkMode.1.png; sourceTree = "<group>"; };
		6C3B44682EE5014E001094FC /* detailViewFlashDown.1.png */ = {isa = PBXFileReference; lastKnownFileType = image.png; path = detailViewFlashDown.1.png; sourceTree = "<group>"; };
		6C3B44692EE5014E001094FC /* detailViewFlashUp.1.png */ = {isa = PBXFileReference; lastKnownFileType = image.png; path = detailViewFlashUp.1.png; sourceTree = "<group>"; };
		6C3B446A2EE5014E001094FC /* detailViewNegativeChange.1.png */ = {isa = PBXFileReference; lastKnownFileType = image.png; path = detailViewNegativeChange.1.png; sourceTree = "<group>"; };
		6C3B446B2EE5014E001094FC /* detailViewNoPriceData.1.png */ = {isa = PBXFileReference; lastKnownFileType = image.png; path = detailViewNoPriceData.1.png; sourceTree = "<group>"; };
		6C3B446C2EE5014E001094FC /* detailViewPositiveChange.1.png */ = {isa = PBXFileReference; lastKnownFileType = image.png; path = detailViewPositiveChange.1.png; sourceTree = "<group>"; };
		6C3B446E2EE5014E001094FC /* feedViewConnectedState.1.png */ = {isa = PBXFileReference; lastKnownFileType = image.png; path = feedViewConnectedState.1.png; sourceTree = "<group>"; };
		6C3B446F2EE5014E001094FC /* feedViewConnectingState.1.png */ = {isa = PBXFileReference; lastKnownFileType = image.png; path = feedViewConnectingState.1.png; sourceTree = "<group>"; };
		6C3B44702EE5014E001094FC /* feedViewDarkMode.1.png */ = {isa = PBXFileReference; lastKnownFileType = image.png; path = feedViewDarkMode.1.png; sourceTree = "<group>"; };
		6C3B44712EE5014E001094FC /* feedViewDisconnectedState.1.png */ = {isa = PBXFileReference; lastKnownFileType = image.png; path = feedViewDisconnectedState.1.png; sourceTree = "<group>"; };
		6C3B44722EE5014E001094FC /* feedViewReconnectingState.1.png */ = {isa = PBXFileReference; lastKnownFileType = image.png; path = feedViewReconnectingState.1.png; sourceTree = "<group>"; };
		6C3B44732EE5014E001094FC /* feedViewWithFlashDown.1.png */ = {isa = PBXFileReference; lastKnownFileType = image.png; path = feedViewWithFlashDown.1.png; sourceTree = "<group>"; };
		6C3B44742EE5014E001094FC /* feedViewWithFlashUp.1.png */ = {isa = PBXFileReference; lastKnownFileType = image.png; path = feedViewWithFlashUp.1.png; sourceTree = "<group>"; };
		6C3B44772EE5014E001094FC /* ComponentSnapshotTests.swift */ = {isa = PBXFileReference; lastKnownFileType = sourcecode.swift; path = ComponentSnapshotTests.swift; sourceTree = "<group>"; };
		6C3B44782EE5014E001094FC /* DetailViewSnapshotTests.swift */ = {isa = PBXFileReference; lastKnownFileType = sourcecode.swift; path = DetailViewSnapshotTests.swift; sourceTree = "<group>"; };
		6C3B44792EE5014E001094FC /* FeedViewSnapshotTests.swift */ = {isa = PBXFileReference; lastKnownFileType = sourcecode.swift; path = FeedViewSnapshotTests.swift; sourceTree = "<group>"; };
		6C3B447A2EE5014E001094FC /* SnapshotTestHelpers.swift */ = {isa = PBXFileReference; lastKnownFileType = sourcecode.swift; path = SnapshotTestHelpers.swift; sourceTree = "<group>"; };
		6C3B44842EE5018B001094FC /* SnapshotTests.xctest */ = {isa = PBXFileReference; explicitFileType = wrapper.cfbundle; includeInIndex = 0; path = SnapshotTests.xctest; sourceTree = BUILT_PRODUCTS_DIR; };
/* End PBXFileReference section */

/* Begin PBXFrameworksBuildPhase section */
		00000000000000000000000D /* Frameworks */ = {
			isa = PBXFrameworksBuildPhase;
			buildActionMask = 2147483647;
			files = (
			);
			runOnlyForDeploymentPostprocessing = 0;
		};
		00000000000000000000004B /* Frameworks */ = {
			isa = PBXFrameworksBuildPhase;
			buildActionMask = 2147483647;
			files = (
			);
			runOnlyForDeploymentPostprocessing = 0;
		};
		6C3B44812EE5018B001094FC /* Frameworks */ = {
			isa = PBXFrameworksBuildPhase;
			buildActionMask = 2147483647;
			files = (
				6C3B44D32EE5041F001094FC /* SnapshotTesting in Frameworks */,
			);
			runOnlyForDeploymentPostprocessing = 0;
		};
/* End PBXFrameworksBuildPhase section */

/* Begin PBXGroup section */
		000000000000000000000002 = {
			isa = PBXGroup;
			children = (
				000000000000000000000003 /* PriceTracker */,
				000000000000000000000048 /* PriceTrackerTests */,
				6C3B447B2EE5014E001094FC /* SnapshotTests */,
				000000000000000000000017 /* Products */,
			);
			sourceTree = "<group>";
		};
		000000000000000000000003 /* PriceTracker */ = {
			isa = PBXGroup;
			children = (
				000000000000000000000008 /* Assets.xcassets */,
				00000000000000000000000B /* Info.plist */,
				000000000000000000000004 /* Models */,
				000000000000000000000005 /* Networking */,
				00000000000000000000002C /* Utilities */,
				000000000000000000000006 /* ViewModels */,
				000000000000000000000007 /* Views */,
				000000000000000000000009 /* Preview Content */,
			);
			path = PriceTracker;
			sourceTree = "<group>";
		};
		000000000000000000000004 /* Models */ = {
			isa = PBXGroup;
			children = (
				000000000000000000000028 /* ConnectionState.swift */,
				000000000000000000000029 /* StockSymbol.swift */,
				00000000000000000000002A /* PriceUpdate.swift */,
			);
			path = Models;
			sourceTree = "<group>";
		};
		000000000000000000000005 /* Networking */ = {
			isa = PBXGroup;
			children = (
				000000000000000000000027 /* WebSocketManager.swift */,
				00000000000000000000002D /* WebSocketManaging.swift */,
			);
			path = Networking;
			sourceTree = "<group>";
		};
		000000000000000000000006 /* ViewModels */ = {
			isa = PBXGroup;
			children = (
				000000000000000000000024 /* PriceTrackerStore.swift */,
				000000000000000000000025 /* FeedViewModel.swift */,
				000000000000000000000026 /* DetailViewModel.swift */,
			);
			path = ViewModels;
			sourceTree = "<group>";
		};
		000000000000000000000007 /* Views */ = {
			isa = PBXGroup;
			children = (
				000000000000000000000020 /* PriceTrackerApp.swift */,
				000000000000000000000021 /* ContentView.swift */,
				000000000000000000000022 /* FeedView.swift */,
				000000000000000000000023 /* DetailView.swift */,
			);
			path = Views;
			sourceTree = "<group>";
		};
		000000000000000000000009 /* Preview Content */ = {
			isa = PBXGroup;
			children = (
				00000000000000000000000A /* Preview Assets.xcassets */,
			);
			path = "Preview Content";
			sourceTree = "<group>";
		};
		000000000000000000000017 /* Products */ = {
			isa = PBXGroup;
			children = (
				000000000000000000000010 /* PriceTracker.app */,
				00000000000000000000004D /* PriceTrackerTests.xctest */,
				6C3B44842EE5018B001094FC /* SnapshotTests.xctest */,
			);
			name = Products;
			sourceTree = "<group>";
		};
		00000000000000000000002C /* Utilities */ = {
			isa = PBXGroup;
			children = (
				00000000000000000000002B /* Logger.swift */,
				00000000000000000000002E /* Constants.swift */,
				00000000000000000000002F /* PriceFlash+Color.swift */,
			);
			path = Utilities;
			sourceTree = "<group>";
		};
		000000000000000000000048 /* PriceTrackerTests */ = {
			isa = PBXGroup;
			children = (
				000000000000000000000049 /* PriceTrackerStoreTests.swift */,
				000000000000000000000054 /* MockWebSocketManager.swift */,
				000000000000000000000057 /* AppStateTests.swift */,
				000000000000000000000059 /* FeedViewModelTests.swift */,
				00000000000000000000005B /* DetailViewModelTests.swift */,
			);
			path = PriceTrackerTests;
			sourceTree = "<group>";
		};
		6C3B44662EE5014E001094FC /* ComponentSnapshotTests */ = {
			isa = PBXGroup;
			children = (
				6C3B445B2EE5014E001094FC /* controlButtonStart.1.png */,
				6C3B445C2EE5014E001094FC /* controlButtonStop.1.png */,
				6C3B445D2EE5014E001094FC /* feedRowDarkMode.1.png */,
				6C3B445E2EE5014E001094FC /* feedRowFlashDown.1.png */,
				6C3B445F2EE5014E001094FC /* feedRowFlashUp.1.png */,
				6C3B44602EE5014E001094FC /* feedRowNegativeNoFlash.1.png */,
				6C3B44612EE5014E001094FC /* feedRowPositiveNoFlash.1.png */,
				6C3B44622EE5014E001094FC /* statusBarConnected.1.png */,
				6C3B44632EE5014E001094FC /* statusBarConnecting.1.png */,
				6C3B44642EE5014E001094FC /* statusBarDisconnected.1.png */,
				6C3B44652EE5014E001094FC /* statusBarReconnecting.1.png */,
			);
			path = ComponentSnapshotTests;
			sourceTree = "<group>";
		};
		6C3B446D2EE5014E001094FC /* DetailViewSnapshotTests */ = {
			isa = PBXGroup;
			children = (
				6C3B44672EE5014E001094FC /* detailViewDarkMode.1.png */,
				6C3B44682EE5014E001094FC /* detailViewFlashDown.1.png */,
				6C3B44692EE5014E001094FC /* detailViewFlashUp.1.png */,
				6C3B446A2EE5014E001094FC /* detailViewNegativeChange.1.png */,
				6C3B446B2EE5014E001094FC /* detailViewNoPriceData.1.png */,
				6C3B446C2EE5014E001094FC /* detailViewPositiveChange.1.png */,
			);
			path = DetailViewSnapshotTests;
			sourceTree = "<group>";
		};
		6C3B44752EE5014E001094FC /* FeedViewSnapshotTests */ = {
			isa = PBXGroup;
			children = (
				6C3B446E2EE5014E001094FC /* feedViewConnectedState.1.png */,
				6C3B446F2EE5014E001094FC /* feedViewConnectingState.1.png */,
				6C3B44702EE5014E001094FC /* feedViewDarkMode.1.png */,
				6C3B44712EE5014E001094FC /* feedViewDisconnectedState.1.png */,
				6C3B44722EE5014E001094FC /* feedViewReconnectingState.1.png */,
				6C3B44732EE5014E001094FC /* feedViewWithFlashDown.1.png */,
				6C3B44742EE5014E001094FC /* feedViewWithFlashUp.1.png */,
			);
			path = FeedViewSnapshotTests;
			sourceTree = "<group>";
		};
		6C3B44762EE5014E001094FC /* __Snapshots__ */ = {
			isa = PBXGroup;
			children = (
				6C3B44662EE5014E001094FC /* ComponentSnapshotTests */,
				6C3B446D2EE5014E001094FC /* DetailViewSnapshotTests */,
				6C3B44752EE5014E001094FC /* FeedViewSnapshotTests */,
			);
			path = __Snapshots__;
			sourceTree = "<group>";
		};
		6C3B447B2EE5014E001094FC /* SnapshotTests */ = {
			isa = PBXGroup;
			children = (
				6C3B44762EE5014E001094FC /* __Snapshots__ */,
				6C3B44772EE5014E001094FC /* ComponentSnapshotTests.swift */,
				6C3B44782EE5014E001094FC /* DetailViewSnapshotTests.swift */,
				6C3B44792EE5014E001094FC /* FeedViewSnapshotTests.swift */,
				6C3B447A2EE5014E001094FC /* SnapshotTestHelpers.swift */,
			);
			path = SnapshotTests;
			sourceTree = "<group>";
		};
/* End PBXGroup section */

/* Begin PBXNativeTarget section */
		00000000000000000000000F /* PriceTracker */ = {
			isa = PBXNativeTarget;
			buildConfigurationList = 000000000000000000000011 /* Build configuration list for PBXNativeTarget "PriceTracker" */;
			buildPhases = (
				00000000000000000000000C /* Sources */,
				00000000000000000000000D /* Frameworks */,
				00000000000000000000000E /* Resources */,
			);
			buildRules = (
			);
			dependencies = (
			);
			name = PriceTracker;
			productName = PriceTracker;
			productReference = 000000000000000000000010 /* PriceTracker.app */;
			productType = "com.apple.product-type.application";
		};
		000000000000000000000060 /* PriceTrackerTests */ = {
			isa = PBXNativeTarget;
			buildConfigurationList = 000000000000000000000052 /* Build configuration list for PBXNativeTarget "PriceTrackerTests" */;
			buildPhases = (
				00000000000000000000004C /* Sources */,
				00000000000000000000004B /* Frameworks */,
			);
			buildRules = (
			);
			dependencies = (
				00000000000000000000004F /* PBXTargetDependency */,
			);
			name = PriceTrackerTests;
			productName = PriceTrackerTests;
			productReference = 00000000000000000000004D /* PriceTrackerTests.xctest */;
			productType = "com.apple.product-type.bundle.unit-test";
		};
		6C3B44832EE5018B001094FC /* SnapshotTests */ = {
			isa = PBXNativeTarget;
			buildConfigurationList = 6C3B448A2EE5018B001094FC /* Build configuration list for PBXNativeTarget "SnapshotTests" */;
			buildPhases = (
				6C3B44802EE5018B001094FC /* Sources */,
				6C3B44812EE5018B001094FC /* Frameworks */,
				6C3B44822EE5018B001094FC /* Resources */,
			);
			buildRules = (
			);
			dependencies = (
				6C3B44892EE5018B001094FC /* PBXTargetDependency */,
			);
			name = SnapshotTests;
			packageProductDependencies = (
				6C3B44D22EE5041F001094FC /* SnapshotTesting */,
			);
			productName = SnapshotTests;
			productReference = 6C3B44842EE5018B001094FC /* SnapshotTests.xctest */;
			productType = "com.apple.product-type.bundle.unit-test";
		};
/* End PBXNativeTarget section */

/* Begin PBXProject section */
		000000000000000000000001 /* Project object */ = {
			isa = PBXProject;
			attributes = {
				BuildIndependentTargetsInParallel = YES;
				LastSwiftUpdateCheck = 2610;
				LastUpgradeCheck = 2610;
				TargetAttributes = {
					00000000000000000000000F = {
						CreatedOnToolsVersion = 15.4;
						DevelopmentTeam = "";
					};
					000000000000000000000060 = {
						TestTargetID = 00000000000000000000000F;
					};
					6C3B44832EE5018B001094FC = {
						CreatedOnToolsVersion = 26.1.1;
						TestTargetID = 00000000000000000000000F;
					};
				};
			};
			buildConfigurationList = 000000000000000000000012 /* Build configuration list for PBXProject "PriceTracker" */;
			compatibilityVersion = "Xcode 14.0";
			developmentRegion = en;
			hasScannedForEncodings = 0;
			knownRegions = (
				en,
			);
			mainGroup = 000000000000000000000002;
			packageReferences = (
				6C3B44D12EE5041F001094FC /* XCRemoteSwiftPackageReference "swift-snapshot-testing" */,
			);
			productRefGroup = 000000000000000000000017 /* Products */;
			projectDirPath = "";
			projectRoot = "";
			targets = (
				00000000000000000000000F /* PriceTracker */,
				000000000000000000000060 /* PriceTrackerTests */,
				6C3B44832EE5018B001094FC /* SnapshotTests */,
			);
		};
/* End PBXProject section */

/* Begin PBXResourcesBuildPhase section */
		00000000000000000000000E /* Resources */ = {
			isa = PBXResourcesBuildPhase;
			buildActionMask = 2147483647;
			files = (
				00000000000000000000003B /* Assets.xcassets in Resources */,
				00000000000000000000003C /* Preview Assets.xcassets in Resources */,
			);
			runOnlyForDeploymentPostprocessing = 0;
		};
		6C3B44822EE5018B001094FC /* Resources */ = {
			isa = PBXResourcesBuildPhase;
			buildActionMask = 2147483647;
			files = (
			);
			runOnlyForDeploymentPostprocessing = 0;
		};
/* End PBXResourcesBuildPhase section */

/* Begin PBXSourcesBuildPhase section */
		00000000000000000000000C /* Sources */ = {
			isa = PBXSourcesBuildPhase;
			buildActionMask = 2147483647;
			files = (
				000000000000000000000030 /* PriceTrackerApp.swift in Sources */,
				000000000000000000000031 /* ContentView.swift in Sources */,
				000000000000000000000032 /* FeedView.swift in Sources */,
				000000000000000000000033 /* DetailView.swift in Sources */,
				000000000000000000000034 /* PriceTrackerStore.swift in Sources */,
				000000000000000000000035 /* FeedViewModel.swift in Sources */,
				000000000000000000000036 /* DetailViewModel.swift in Sources */,
				000000000000000000000037 /* WebSocketManager.swift in Sources */,
				00000000000000000000003E /* WebSocketManaging.swift in Sources */,
				000000000000000000000038 /* ConnectionState.swift in Sources */,
				000000000000000000000039 /* StockSymbol.swift in Sources */,
				00000000000000000000003A /* PriceUpdate.swift in Sources */,
				00000000000000000000003D /* Logger.swift in Sources */,
				00000000000000000000003F /* Constants.swift in Sources */,
				000000000000000000000040 /* PriceFlash+Color.swift in Sources */,
			);
			runOnlyForDeploymentPostprocessing = 0;
		};
		00000000000000000000004C /* Sources */ = {
			isa = PBXSourcesBuildPhase;
			buildActionMask = 2147483647;
			files = (
				00000000000000000000004A /* PriceTrackerStoreTests.swift in Sources */,
				000000000000000000000055 /* MockWebSocketManager.swift in Sources */,
				000000000000000000000056 /* AppStateTests.swift in Sources */,
				000000000000000000000058 /* FeedViewModelTests.swift in Sources */,
				00000000000000000000005A /* DetailViewModelTests.swift in Sources */,
			);
			runOnlyForDeploymentPostprocessing = 0;
		};
		6C3B44802EE5018B001094FC /* Sources */ = {
			isa = PBXSourcesBuildPhase;
			buildActionMask = 2147483647;
			files = (
				6C3B44CD2EE50209001094FC /* FeedViewSnapshotTests.swift in Sources */,
				6C3B44CB2EE501F5001094FC /* ComponentSnapshotTests.swift in Sources */,
				6C3B44CC2EE501FF001094FC /* DetailViewSnapshotTests.swift in Sources */,
				6C3B44CE2EE50213001094FC /* SnapshotTestHelpers.swift in Sources */,
			);
			runOnlyForDeploymentPostprocessing = 0;
		};
/* End PBXSourcesBuildPhase section */

/* Begin PBXTargetDependency section */
		00000000000000000000004F /* PBXTargetDependency */ = {
			isa = PBXTargetDependency;
			target = 00000000000000000000000F /* PriceTracker */;
			targetProxy = 00000000000000000000004E /* PBXContainerItemProxy */;
		};
		6C3B44892EE5018B001094FC /* PBXTargetDependency */ = {
			isa = PBXTargetDependency;
			target = 00000000000000000000000F /* PriceTracker */;
			targetProxy = 6C3B44882EE5018B001094FC /* PBXContainerItemProxy */;
		};
/* End PBXTargetDependency section */

/* Begin XCBuildConfiguration section */
		000000000000000000000013 /* Debug */ = {
			isa = XCBuildConfiguration;
			buildSettings = {
				ASSETCATALOG_COMPILER_APPICON_NAME = AppIcon;
				ASSETCATALOG_COMPILER_GLOBAL_ACCENT_COLOR_NAME = AccentColor;
				CLANG_ENABLE_OBJC_WEAK = YES;
				CODE_SIGN_IDENTITY = "Apple Development";
				CODE_SIGN_STYLE = Automatic;
				CURRENT_PROJECT_VERSION = 1;
				DEVELOPMENT_ASSET_PATHS = "\"PriceTracker/Preview Content\"";
				DEVELOPMENT_TEAM = "";
				ENABLE_PREVIEWS = YES;
				GENERATE_INFOPLIST_FILE = NO;
				INFOPLIST_FILE = PriceTracker/Info.plist;
				IPHONEOS_DEPLOYMENT_TARGET = 17.0;
				LD_RUNPATH_SEARCH_PATHS = (
					"$(inherited)",
					"@executable_path/Frameworks",
				);
				MARKETING_VERSION = 1.0;
				PRODUCT_BUNDLE_IDENTIFIER = com.example.PriceTracker;
				PRODUCT_BUNDLE_PACKAGE_TYPE = APPL;
				PRODUCT_NAME = "$(TARGET_NAME)";
				SWIFT_EMIT_LOC_STRINGS = YES;
				SWIFT_VERSION = 5.9;
				TARGETED_DEVICE_FAMILY = 1;
			};
			name = Debug;
		};
		000000000000000000000014 /* Release */ = {
			isa = XCBuildConfiguration;
			buildSettings = {
				ASSETCATALOG_COMPILER_APPICON_NAME = AppIcon;
				ASSETCATALOG_COMPILER_GLOBAL_ACCENT_COLOR_NAME = AccentColor;
				CLANG_ENABLE_OBJC_WEAK = YES;
				CODE_SIGN_IDENTITY = "Apple Development";
				CODE_SIGN_STYLE = Automatic;
				CURRENT_PROJECT_VERSION = 1;
				DEVELOPMENT_ASSET_PATHS = "\"PriceTracker/Preview Content\"";
				DEVELOPMENT_TEAM = "";
				ENABLE_PREVIEWS = YES;
				GENERATE_INFOPLIST_FILE = NO;
				INFOPLIST_FILE = PriceTracker/Info.plist;
				IPHONEOS_DEPLOYMENT_TARGET = 17.0;
				LD_RUNPATH_SEARCH_PATHS = (
					"$(inherited)",
					"@executable_path/Frameworks",
				);
				MARKETING_VERSION = 1.0;
				PRODUCT_BUNDLE_IDENTIFIER = com.example.PriceTracker;
				PRODUCT_BUNDLE_PACKAGE_TYPE = APPL;
				PRODUCT_NAME = "$(TARGET_NAME)";
				SWIFT_EMIT_LOC_STRINGS = YES;
				SWIFT_VERSION = 5.9;
				TARGETED_DEVICE_FAMILY = 1;
				VALIDATE_PRODUCT = YES;
			};
			name = Release;
		};
		000000000000000000000015 /* Debug */ = {
			isa = XCBuildConfiguration;
			buildSettings = {
				ALWAYS_SEARCH_USER_PATHS = NO;
				CLANG_ANALYZER_LOCALIZABILITY_NONLOCALIZED = YES;
				CLANG_ENABLE_MODULES = YES;
				CLANG_WARN_BLOCK_CAPTURE_AUTORELEASING = YES;
				CLANG_WARN_BOOL_CONVERSION = YES;
				CLANG_WARN_COMMA = YES;
				CLANG_WARN_CONSTANT_CONVERSION = YES;
				CLANG_WARN_DEPRECATED_OBJC_IMPLEMENTATIONS = YES;
				CLANG_WARN_DIRECT_OBJC_ISA_USAGE = YES_ERROR;
				CLANG_WARN_DOCUMENTATION_COMMENTS = YES;
				CLANG_WARN_EMPTY_BODY = YES;
				CLANG_WARN_ENUM_CONVERSION = YES;
				CLANG_WARN_INFINITE_RECURSION = YES;
				CLANG_WARN_INT_CONVERSION = YES;
				CLANG_WARN_NON_LITERAL_NULL_CONVERSION = YES;
				CLANG_WARN_OBJC_IMPLICIT_RETAIN_SELF = YES;
				CLANG_WARN_OBJC_LITERAL_CONVERSION = YES;
				CLANG_WARN_QUOTED_INCLUDE_IN_FRAMEWORK_HEADER = YES;
				CLANG_WARN_RANGE_LOOP_ANALYSIS = YES;
				CLANG_WARN_STRICT_PROTOTYPES = YES;
				CLANG_WARN_SUSPICIOUS_MOVE = YES;
				CLANG_WARN_UNGUARDED_AVAILABILITY = YES_AGGRESSIVE;
				CLANG_WARN_UNREACHABLE_CODE = YES;
				CLANG_WARN__DUPLICATE_METHOD_MATCH = YES;
				COPY_PHASE_STRIP = NO;
				DEBUG_INFORMATION_FORMAT = dwarf;
				DEVELOPMENT_LANGUAGE = en;
				ENABLE_STRICT_OBJC_MSGSEND = YES;
				ENABLE_TESTABILITY = YES;
				ENABLE_USER_SCRIPT_SANDBOXING = YES;
				GCC_C_LANGUAGE_STANDARD = gnu17;
				GCC_DYNAMIC_NO_PIC = NO;
				GCC_NO_COMMON_BLOCKS = YES;
				GCC_OPTIMIZATION_LEVEL = 0;
				GCC_PREPROCESSOR_DEFINITIONS = (
					"DEBUG=1",
					"$(inherited)",
				);
				GCC_WARN_64_TO_32_BIT_CONVERSION = YES;
				GCC_WARN_ABOUT_RETURN_TYPE = YES_ERROR;
				GCC_WARN_UNDECLARED_SELECTOR = YES;
				GCC_WARN_UNINITIALIZED_AUTOS = YES_AGGRESSIVE;
				GCC_WARN_UNUSED_FUNCTION = YES;
				GCC_WARN_UNUSED_VARIABLE = YES;
				IPHONEOS_DEPLOYMENT_TARGET = 17.0;
				MTL_ENABLE_DEBUG_INFO = INCLUDE_SOURCE;
				ONLY_ACTIVE_ARCH = YES;
				SDKROOT = iphoneos;
				STRING_CATALOG_GENERATE_SYMBOLS = YES;
				SWIFT_ACTIVE_COMPILATION_CONDITIONS = DEBUG;
				SWIFT_OPTIMIZATION_LEVEL = "-Onone";
			};
			name = Debug;
		};
		000000000000000000000016 /* Release */ = {
			isa = XCBuildConfiguration;
			buildSettings = {
				ALWAYS_SEARCH_USER_PATHS = NO;
				CLANG_ANALYZER_LOCALIZABILITY_NONLOCALIZED = YES;
				CLANG_ENABLE_MODULES = YES;
				CLANG_WARN_BLOCK_CAPTURE_AUTORELEASING = YES;
				CLANG_WARN_BOOL_CONVERSION = YES;
				CLANG_WARN_COMMA = YES;
				CLANG_WARN_CONSTANT_CONVERSION = YES;
				CLANG_WARN_DEPRECATED_OBJC_IMPLEMENTATIONS = YES;
				CLANG_WARN_DIRECT_OBJC_ISA_USAGE = YES_ERROR;
				CLANG_WARN_DOCUMENTATION_COMMENTS = YES;
				CLANG_WARN_EMPTY_BODY = YES;
				CLANG_WARN_ENUM_CONVERSION = YES;
				CLANG_WARN_INFINITE_RECURSION = YES;
				CLANG_WARN_INT_CONVERSION = YES;
				CLANG_WARN_NON_LITERAL_NULL_CONVERSION = YES;
				CLANG_WARN_OBJC_IMPLICIT_RETAIN_SELF = YES;
				CLANG_WARN_OBJC_LITERAL_CONVERSION = YES;
				CLANG_WARN_QUOTED_INCLUDE_IN_FRAMEWORK_HEADER = YES;
				CLANG_WARN_RANGE_LOOP_ANALYSIS = YES;
				CLANG_WARN_STRICT_PROTOTYPES = YES;
				CLANG_WARN_SUSPICIOUS_MOVE = YES;
				CLANG_WARN_UNGUARDED_AVAILABILITY = YES_AGGRESSIVE;
				CLANG_WARN_UNREACHABLE_CODE = YES;
				CLANG_WARN__DUPLICATE_METHOD_MATCH = YES;
				COPY_PHASE_STRIP = NO;
				DEBUG_INFORMATION_FORMAT = "dwarf-with-dsym";
				DEVELOPMENT_LANGUAGE = en;
				ENABLE_NS_ASSERTIONS = NO;
				ENABLE_STRICT_OBJC_MSGSEND = YES;
				ENABLE_USER_SCRIPT_SANDBOXING = YES;
				GCC_C_LANGUAGE_STANDARD = gnu17;
				GCC_NO_COMMON_BLOCKS = YES;
				GCC_WARN_64_TO_32_BIT_CONVERSION = YES;
				GCC_WARN_ABOUT_RETURN_TYPE = YES_ERROR;
				GCC_WARN_UNDECLARED_SELECTOR = YES;
				GCC_WARN_UNINITIALIZED_AUTOS = YES_AGGRESSIVE;
				GCC_WARN_UNUSED_FUNCTION = YES;
				GCC_WARN_UNUSED_VARIABLE = YES;
				IPHONEOS_DEPLOYMENT_TARGET = 17.0;
				MTL_ENABLE_DEBUG_INFO = NO;
				SDKROOT = iphoneos;
				STRING_CATALOG_GENERATE_SYMBOLS = YES;
				SWIFT_COMPILATION_MODE = wholemodule;
				SWIFT_OPTIMIZATION_LEVEL = "-O";
				VALIDATE_PRODUCT = YES;
			};
			name = Release;
		};
		000000000000000000000050 /* Debug */ = {
			isa = XCBuildConfiguration;
			buildSettings = {
				ALWAYS_SEARCH_USER_PATHS = NO;
				BUNDLE_LOADER = "$(TEST_HOST)";
				CLANG_ANALYZER_LOCALIZABILITY_NONLOCALIZED = YES;
				CLANG_ENABLE_MODULES = YES;
				CLANG_ENABLE_OBJC_WEAK = YES;
				CLANG_WARN_BLOCK_CAPTURE_AUTORELEASING = YES;
				CLANG_WARN_BOOL_CONVERSION = YES;
				CLANG_WARN_COMMA = YES;
				CLANG_WARN_CONSTANT_CONVERSION = YES;
				CLANG_WARN_DEPRECATED_OBJC_IMPLEMENTATIONS = YES;
				CLANG_WARN_DIRECT_OBJC_ISA_USAGE = YES_ERROR;
				CLANG_WARN_DOCUMENTATION_COMMENTS = YES;
				CLANG_WARN_EMPTY_BODY = YES;
				CLANG_WARN_ENUM_CONVERSION = YES;
				CLANG_WARN_INFINITE_RECURSION = YES;
				CLANG_WARN_INT_CONVERSION = YES;
				CLANG_WARN_NON_LITERAL_NULL_CONVERSION = YES;
				CLANG_WARN_OBJC_IMPLICIT_RETAIN_SELF = YES;
				CLANG_WARN_OBJC_LITERAL_CONVERSION = YES;
				CLANG_WARN_QUOTED_INCLUDE_IN_FRAMEWORK_HEADER = YES;
				CLANG_WARN_RANGE_LOOP_ANALYSIS = YES;
				CLANG_WARN_STRICT_PROTOTYPES = YES;
				CLANG_WARN_SUSPICIOUS_MOVE = YES;
				CLANG_WARN_UNGUARDED_AVAILABILITY = YES_AGGRESSIVE;
				CLANG_WARN_UNREACHABLE_CODE = YES;
				CLANG_WARN__DUPLICATE_METHOD_MATCH = YES;
				CODE_SIGN_IDENTITY = "Apple Development";
				CODE_SIGN_STYLE = Automatic;
				DEVELOPMENT_TEAM = "";
				GENERATE_INFOPLIST_FILE = YES;
				IPHONEOS_DEPLOYMENT_TARGET = 17.0;
				LD_RUNPATH_SEARCH_PATHS = (
					"$(inherited)",
					"@executable_path/Frameworks",
					"@loader_path/Frameworks",
				);
				MTL_ENABLE_DEBUG_INFO = INCLUDE_SOURCE;
				ONLY_ACTIVE_ARCH = YES;
				PRODUCT_BUNDLE_IDENTIFIER = com.example.PriceTrackerTests;
				PRODUCT_NAME = "$(TARGET_NAME)";
				SDKROOT = iphoneos;
				SWIFT_ACTIVE_COMPILATION_CONDITIONS = DEBUG;
				SWIFT_OPTIMIZATION_LEVEL = "-Onone";
				SWIFT_VERSION = 5.9;
				TARGETED_DEVICE_FAMILY = 1;
				TEST_HOST = "$(BUILT_PRODUCTS_DIR)/PriceTracker.app/$(BUNDLE_EXECUTABLE_FOLDER_PATH)/PriceTracker";
			};
			name = Debug;
		};
		000000000000000000000051 /* Release */ = {
			isa = XCBuildConfiguration;
			buildSettings = {
				ALWAYS_SEARCH_USER_PATHS = NO;
				BUNDLE_LOADER = "$(TEST_HOST)";
				CLANG_ANALYZER_LOCALIZABILITY_NONLOCALIZED = YES;
				CLANG_ENABLE_MODULES = YES;
				CLANG_ENABLE_OBJC_WEAK = YES;
				CLANG_WARN_BLOCK_CAPTURE_AUTORELEASING = YES;
				CLANG_WARN_BOOL_CONVERSION = YES;
				CLANG_WARN_COMMA = YES;
				CLANG_WARN_CONSTANT_CONVERSION = YES;
				CLANG_WARN_DEPRECATED_OBJC_IMPLEMENTATIONS = YES;
				CLANG_WARN_DIRECT_OBJC_ISA_USAGE = YES_ERROR;
				CLANG_WARN_DOCUMENTATION_COMMENTS = YES;
				CLANG_WARN_EMPTY_BODY = YES;
				CLANG_WARN_ENUM_CONVERSION = YES;
				CLANG_WARN_INFINITE_RECURSION = YES;
				CLANG_WARN_INT_CONVERSION = YES;
				CLANG_WARN_NON_LITERAL_NULL_CONVERSION = YES;
				CLANG_WARN_OBJC_IMPLICIT_RETAIN_SELF = YES;
				CLANG_WARN_OBJC_LITERAL_CONVERSION = YES;
				CLANG_WARN_QUOTED_INCLUDE_IN_FRAMEWORK_HEADER = YES;
				CLANG_WARN_RANGE_LOOP_ANALYSIS = YES;
				CLANG_WARN_STRICT_PROTOTYPES = YES;
				CLANG_WARN_SUSPICIOUS_MOVE = YES;
				CLANG_WARN_UNGUARDED_AVAILABILITY = YES_AGGRESSIVE;
				CLANG_WARN_UNREACHABLE_CODE = YES;
				CLANG_WARN__DUPLICATE_METHOD_MATCH = YES;
				CODE_SIGN_IDENTITY = "Apple Development";
				CODE_SIGN_STYLE = Automatic;
				DEVELOPMENT_TEAM = "";
				GENERATE_INFOPLIST_FILE = YES;
				IPHONEOS_DEPLOYMENT_TARGET = 17.0;
				LD_RUNPATH_SEARCH_PATHS = (
					"$(inherited)",
					"@executable_path/Frameworks",
					"@loader_path/Frameworks",
				);
				MTL_ENABLE_DEBUG_INFO = NO;
				PRODUCT_BUNDLE_IDENTIFIER = com.example.PriceTrackerTests;
				PRODUCT_NAME = "$(TARGET_NAME)";
				SDKROOT = iphoneos;
				SWIFT_OPTIMIZATION_LEVEL = "-O";
				SWIFT_VERSION = 5.9;
				TARGETED_DEVICE_FAMILY = 1;
				TEST_HOST = "$(BUILT_PRODUCTS_DIR)/PriceTracker.app/$(BUNDLE_EXECUTABLE_FOLDER_PATH)/PriceTracker";
				VALIDATE_PRODUCT = YES;
			};
			name = Release;
		};
		6C3B448B2EE5018B001094FC /* Debug */ = {
			isa = XCBuildConfiguration;
			buildSettings = {
				ASSETCATALOG_COMPILER_GENERATE_SWIFT_ASSET_SYMBOL_EXTENSIONS = YES;
				BUNDLE_LOADER = "$(TEST_HOST)";
				CLANG_ANALYZER_NONNULL = YES;
				CLANG_ANALYZER_NUMBER_OBJECT_CONVERSION = YES_AGGRESSIVE;
				CLANG_CXX_LANGUAGE_STANDARD = "gnu++20";
				CLANG_ENABLE_OBJC_ARC = YES;
				CLANG_ENABLE_OBJC_WEAK = YES;
				CLANG_WARN_OBJC_ROOT_CLASS = YES_ERROR;
				CODE_SIGN_STYLE = Automatic;
				CURRENT_PROJECT_VERSION = 1;
				GENERATE_INFOPLIST_FILE = YES;
				IPHONEOS_DEPLOYMENT_TARGET = 26.1;
				LOCALIZATION_PREFERS_STRING_CATALOGS = YES;
				MARKETING_VERSION = 1.0;
				MTL_FAST_MATH = YES;
				PRODUCT_BUNDLE_IDENTIFIER = com.example.SnapshotTests;
				PRODUCT_NAME = "$(TARGET_NAME)";
				STRING_CATALOG_GENERATE_SYMBOLS = NO;
				SWIFT_ACTIVE_COMPILATION_CONDITIONS = "DEBUG $(inherited)";
				SWIFT_APPROACHABLE_CONCURRENCY = YES;
				SWIFT_EMIT_LOC_STRINGS = NO;
				SWIFT_UPCOMING_FEATURE_MEMBER_IMPORT_VISIBILITY = YES;
				SWIFT_VERSION = 5.0;
				TARGETED_DEVICE_FAMILY = "1,2";
				TEST_HOST = "$(BUILT_PRODUCTS_DIR)/PriceTracker.app/$(BUNDLE_EXECUTABLE_FOLDER_PATH)/PriceTracker";
			};
			name = Debug;
		};
		6C3B448C2EE5018B001094FC /* Release */ = {
			isa = XCBuildConfiguration;
			buildSettings = {
				ASSETCATALOG_COMPILER_GENERATE_SWIFT_ASSET_SYMBOL_EXTENSIONS = YES;
				BUNDLE_LOADER = "$(TEST_HOST)";
				CLANG_ANALYZER_NONNULL = YES;
				CLANG_ANALYZER_NUMBER_OBJECT_CONVERSION = YES_AGGRESSIVE;
				CLANG_CXX_LANGUAGE_STANDARD = "gnu++20";
				CLANG_ENABLE_OBJC_ARC = YES;
				CLANG_ENABLE_OBJC_WEAK = YES;
				CLANG_WARN_OBJC_ROOT_CLASS = YES_ERROR;
				CODE_SIGN_STYLE = Automatic;
				CURRENT_PROJECT_VERSION = 1;
				GENERATE_INFOPLIST_FILE = YES;
				IPHONEOS_DEPLOYMENT_TARGET = 26.1;
				LOCALIZATION_PREFERS_STRING_CATALOGS = YES;
				MARKETING_VERSION = 1.0;
				MTL_FAST_MATH = YES;
				PRODUCT_BUNDLE_IDENTIFIER = com.example.SnapshotTests;
				PRODUCT_NAME = "$(TARGET_NAME)";
				STRING_CATALOG_GENERATE_SYMBOLS = NO;
				SWIFT_APPROACHABLE_CONCURRENCY = YES;
				SWIFT_EMIT_LOC_STRINGS = NO;
				SWIFT_UPCOMING_FEATURE_MEMBER_IMPORT_VISIBILITY = YES;
				SWIFT_VERSION = 5.0;
				TARGETED_DEVICE_FAMILY = "1,2";
				TEST_HOST = "$(BUILT_PRODUCTS_DIR)/PriceTracker.app/$(BUNDLE_EXECUTABLE_FOLDER_PATH)/PriceTracker";
			};
			name = Release;
		};
/* End XCBuildConfiguration section */

/* Begin XCConfigurationList section */
		000000000000000000000011 /* Build configuration list for PBXNativeTarget "PriceTracker" */ = {
			isa = XCConfigurationList;
			buildConfigurations = (
				000000000000000000000013 /* Debug */,
				000000000000000000000014 /* Release */,
			);
			defaultConfigurationIsVisible = 0;
			defaultConfigurationName = Release;
		};
		000000000000000000000012 /* Build configuration list for PBXProject "PriceTracker" */ = {
			isa = XCConfigurationList;
			buildConfigurations = (
				000000000000000000000015 /* Debug */,
				000000000000000000000016 /* Release */,
			);
			defaultConfigurationIsVisible = 0;
			defaultConfigurationName = Release;
		};
		000000000000000000000052 /* Build configuration list for PBXNativeTarget "PriceTrackerTests" */ = {
			isa = XCConfigurationList;
			buildConfigurations = (
				000000000000000000000050 /* Debug */,
				000000000000000000000051 /* Release */,
			);
			defaultConfigurationIsVisible = 0;
			defaultConfigurationName = Release;
		};
		6C3B448A2EE5018B001094FC /* Build configuration list for PBXNativeTarget "SnapshotTests" */ = {
			isa = XCConfigurationList;
			buildConfigurations = (
				6C3B448B2EE5018B001094FC /* Debug */,
				6C3B448C2EE5018B001094FC /* Release */,
			);
			defaultConfigurationIsVisible = 0;
			defaultConfigurationName = Release;
		};
/* End XCConfigurationList section */

/* Begin XCRemoteSwiftPackageReference section */
		6C3B44D12EE5041F001094FC /* XCRemoteSwiftPackageReference "swift-snapshot-testing" */ = {
			isa = XCRemoteSwiftPackageReference;
			repositoryURL = "https://github.com/pointfreeco/swift-snapshot-testing.git";
			requirement = {
				kind = exactVersion;
				version = 1.18.7;
			};
		};
/* End XCRemoteSwiftPackageReference section */

/* Begin XCSwiftPackageProductDependency section */
		6C3B44D22EE5041F001094FC /* SnapshotTesting */ = {
			isa = XCSwiftPackageProductDependency;
			package = 6C3B44D12EE5041F001094FC /* XCRemoteSwiftPackageReference "swift-snapshot-testing" */;
			productName = SnapshotTesting;
		};
/* End XCSwiftPackageProductDependency section */
	};
	rootObject = 000000000000000000000001 /* Project object */;
}
